
Microsoft Visual Studio Solution File, Format Version 12.00
# Visual Studio Version 17
VisualStudioVersion = 17.1.32328.378
MinimumVisualStudioVersion = 10.0.40219.1
Project("{FAE04EC0-301F-11D3-BF4B-00C04F79EFBC}") = "LeetCode.Library", "LeetCode.Library\LeetCode.Library.csproj", "{DFF68298-2161-449E-96FF-8E1A5A520037}"
EndProject
Project("{FAE04EC0-301F-11D3-BF4B-00C04F79EFBC}") = "LeetCode.Testing", "LeetCode.Testing\LeetCode.Testing.csproj", "{566C559A-1837-4A44-AC5F-78D5410D753E}"
EndProject
Global
	GlobalSection(SolutionConfigurationPlatforms) = preSolution
		Debug|Any CPU = Debug|Any CPU
		Release|Any CPU = Release|Any CPU
	EndGlobalSection
	GlobalSection(ProjectConfigurationPlatforms) = postSolution
		{DFF68298-2161-449E-96FF-8E1A5A520037}.Debug|Any CPU.ActiveCfg = Debug|Any CPU
		{DFF68298-2161-449E-96FF-8E1A5A520037}.Debug|Any CPU.Build.0 = Debug|Any CPU
		{DFF68298-2161-449E-96FF-8E1A5A520037}.Release|Any CPU.ActiveCfg = Release|Any CPU
		{DFF68298-2161-449E-96FF-8E1A5A520037}.Release|Any CPU.Build.0 = Release|Any CPU
		{566C559A-1837-4A44-AC5F-78D5410D753E}.Debug|Any CPU.ActiveCfg = Debug|Any CPU
		{566C559A-1837-4A44-AC5F-78D5410D753E}.Debug|Any CPU.Build.0 = Debug|Any CPU
		{566C559A-1837-4A44-AC5F-78D5410D753E}.Release|Any CPU.ActiveCfg = Release|Any CPU
		{566C559A-1837-4A44-AC5F-78D5410D753E}.Release|Any CPU.Build.0 = Release|Any CPU
	EndGlobalSection
	GlobalSection(SolutionProperties) = preSolution
		HideSolutionNode = FALSE
	EndGlobalSection
	GlobalSection(ExtensibilityGlobals) = postSolution
		SolutionGuid = {43F74B2F-113D-4008-8705-1EFEB43A3FCF}
	EndGlobalSection
EndGlobal
